
Microsoft Visual Studio Solution File, Format Version 12.00
# Visual Studio Version 17
VisualStudioVersion = 17.8.34525.116
MinimumVisualStudioVersion = 10.0.40219.1
Project("{FAE04EC0-301F-11D3-BF4B-00C04F79EFBC}") = "WeatherServer", "WeatherServer\WeatherServer.csproj", "{186A8EFA-60A1-496F-AE52-0FD96B6332E1}"
EndProject
Global
	GlobalSection(SolutionConfigurationPlatforms) = preSolution
		Debug|Any CPU = Debug|Any CPU
		Release|Any CPU = Release|Any CPU
	EndGlobalSection
	GlobalSection(ProjectConfigurationPlatforms) = postSolution
		{186A8EFA-60A1-496F-AE52-0FD96B6332E1}.Debug|Any CPU.ActiveCfg = Debug|Any CPU
		{186A8EFA-60A1-496F-AE52-0FD96B6332E1}.Debug|Any CPU.Build.0 = Debug|Any CPU
		{186A8EFA-60A1-496F-AE52-0FD96B6332E1}.Release|Any CPU.ActiveCfg = Release|Any CPU
		{186A8EFA-60A1-496F-AE52-0FD96B6332E1}.Release|Any CPU.Build.0 = Release|Any CPU
	EndGlobalSection
	GlobalSection(SolutionProperties) = preSolution
		HideSolutionNode = FALSE
	EndGlobalSection
	GlobalSection(ExtensibilityGlobals) = postSolution
		SolutionGuid = {1A59BDB2-5F10-49A8-B3CB-EE0195177F56}
	EndGlobalSection
EndGlobal
